// !$*UTF8*$!
{
	archiveVersion = 1;
	classes = {
	};
	objectVersion = 50;
	objects = {

/* Begin PBXBuildFile section */
		E3F4663525510C8200C9A168 /* AppDelegate.swift in Sources */ = {isa = PBXBuildFile; fileRef = E3F4663425510C8200C9A168 /* AppDelegate.swift */; };
		E3F4663725510C8200C9A168 /* SceneDelegate.swift in Sources */ = {isa = PBXBuildFile; fileRef = E3F4663625510C8200C9A168 /* SceneDelegate.swift */; };
		E3F4663C25510C8200C9A168 /* Main.storyboard in Resources */ = {isa = PBXBuildFile; fileRef = E3F4663A25510C8200C9A168 /* Main.storyboard */; };
		E3F4663E25510C8300C9A168 /* Assets.xcassets in Resources */ = {isa = PBXBuildFile; fileRef = E3F4663D25510C8300C9A168 /* Assets.xcassets */; };
		E3F4664125510C8300C9A168 /* LaunchScreen.storyboard in Resources */ = {isa = PBXBuildFile; fileRef = E3F4663F25510C8300C9A168 /* LaunchScreen.storyboard */; };
		E3F4664C25510C8400C9A168 /* PhotoramaTests.swift in Sources */ = {isa = PBXBuildFile; fileRef = E3F4664B25510C8400C9A168 /* PhotoramaTests.swift */; };
		E3F4665725510C8400C9A168 /* PhotoramaUITests.swift in Sources */ = {isa = PBXBuildFile; fileRef = E3F4665625510C8400C9A168 /* PhotoramaUITests.swift */; };
		E3F4666825510C9A00C9A168 /* PhotosViewController.swift in Sources */ = {isa = PBXBuildFile; fileRef = E3F4666725510C9A00C9A168 /* PhotosViewController.swift */; };
		E3F466752551129A00C9A168 /* FlickrAPI.swift in Sources */ = {isa = PBXBuildFile; fileRef = E3F466742551129A00C9A168 /* FlickrAPI.swift */; };
		E3F4667D2551176300C9A168 /* PhotoStore.swift in Sources */ = {isa = PBXBuildFile; fileRef = E3F4667C2551176300C9A168 /* PhotoStore.swift */; };
		E3F4668225511CAD00C9A168 /* Photo.swift in Sources */ = {isa = PBXBuildFile; fileRef = E3F4668125511CAD00C9A168 /* Photo.swift */; };
/* End PBXBuildFile section */

/* Begin PBXContainerItemProxy section */
		E3F4664825510C8400C9A168 /* PBXContainerItemProxy */ = {
			isa = PBXContainerItemProxy;
			containerPortal = E3F4662925510C8200C9A168 /* Project object */;
			proxyType = 1;
			remoteGlobalIDString = E3F4663025510C8200C9A168;
			remoteInfo = Photorama;
		};
		E3F4665325510C8400C9A168 /* PBXContainerItemProxy */ = {
			isa = PBXContainerItemProxy;
			containerPortal = E3F4662925510C8200C9A168 /* Project object */;
			proxyType = 1;
			remoteGlobalIDString = E3F4663025510C8200C9A168;
			remoteInfo = Photorama;
		};
/* End PBXContainerItemProxy section */

/* Begin PBXFileReference section */
		E3F4663125510C8200C9A168 /* Photorama.app */ = {isa = PBXFileReference; explicitFileType = wrapper.application; includeInIndex = 0; path = Photorama.app; sourceTree = BUILT_PRODUCTS_DIR; };
		E3F4663425510C8200C9A168 /* AppDelegate.swift */ = {isa = PBXFileReference; lastKnownFileType = sourcecode.swift; path = AppDelegate.swift; sourceTree = "<group>"; };
		E3F4663625510C8200C9A168 /* SceneDelegate.swift */ = {isa = PBXFileReference; lastKnownFileType = sourcecode.swift; path = SceneDelegate.swift; sourceTree = "<group>"; };
		E3F4663B25510C8200C9A168 /* Base */ = {isa = PBXFileReference; lastKnownFileType = file.storyboard; name = Base; path = Base.lproj/Main.storyboard; sourceTree = "<group>"; };
		E3F4663D25510C8300C9A168 /* Assets.xcassets */ = {isa = PBXFileReference; lastKnownFileType = folder.assetcatalog; path = Assets.xcassets; sourceTree = "<group>"; };
		E3F4664025510C8300C9A168 /* Base */ = {isa = PBXFileReference; lastKnownFileType = file.storyboard; name = Base; path = Base.lproj/LaunchScreen.storyboard; sourceTree = "<group>"; };
		E3F4664225510C8300C9A168 /* Info.plist */ = {isa = PBXFileReference; lastKnownFileType = text.plist.xml; path = Info.plist; sourceTree = "<group>"; };
		E3F4664725510C8400C9A168 /* PhotoramaTests.xctest */ = {isa = PBXFileReference; explicitFileType = wrapper.cfbundle; includeInIndex = 0; path = PhotoramaTests.xctest; sourceTree = BUILT_PRODUCTS_DIR; };
		E3F4664B25510C8400C9A168 /* PhotoramaTests.swift */ = {isa = PBXFileReference; lastKnownFileType = sourcecode.swift; path = PhotoramaTests.swift; sourceTree = "<group>"; };
		E3F4664D25510C8400C9A168 /* Info.plist */ = {isa = PBXFileReference; lastKnownFileType = text.plist.xml; path = Info.plist; sourceTree = "<group>"; };
		E3F4665225510C8400C9A168 /* PhotoramaUITests.xctest */ = {isa = PBXFileReference; explicitFileType = wrapper.cfbundle; includeInIndex = 0; path = PhotoramaUITests.xctest; sourceTree = BUILT_PRODUCTS_DIR; };
		E3F4665625510C8400C9A168 /* PhotoramaUITests.swift */ = {isa = PBXFileReference; lastKnownFileType = sourcecode.swift; path = PhotoramaUITests.swift; sourceTree = "<group>"; };
		E3F4665825510C8400C9A168 /* Info.plist */ = {isa = PBXFileReference; lastKnownFileType = text.plist.xml; path = Info.plist; sourceTree = "<group>"; };
		E3F4666725510C9A00C9A168 /* PhotosViewController.swift */ = {isa = PBXFileReference; lastKnownFileType = sourcecode.swift; path = PhotosViewController.swift; sourceTree = "<group>"; };
		E3F466742551129A00C9A168 /* FlickrAPI.swift */ = {isa = PBXFileReference; lastKnownFileType = sourcecode.swift; path = FlickrAPI.swift; sourceTree = "<group>"; };
		E3F4667C2551176300C9A168 /* PhotoStore.swift */ = {isa = PBXFileReference; lastKnownFileType = sourcecode.swift; path = PhotoStore.swift; sourceTree = "<group>"; };
		E3F4668125511CAD00C9A168 /* Photo.swift */ = {isa = PBXFileReference; lastKnownFileType = sourcecode.swift; path = Photo.swift; sourceTree = "<group>"; };
/* End PBXFileReference section */

/* Begin PBXFrameworksBuildPhase section */
		E3F4662E25510C8200C9A168 /* Frameworks */ = {
			isa = PBXFrameworksBuildPhase;
			buildActionMask = 2147483647;
			files = (
			);
			runOnlyForDeploymentPostprocessing = 0;
		};
		E3F4664425510C8400C9A168 /* Frameworks */ = {
			isa = PBXFrameworksBuildPhase;
			buildActionMask = 2147483647;
			files = (
			);
			runOnlyForDeploymentPostprocessing = 0;
		};
		E3F4664F25510C8400C9A168 /* Frameworks */ = {
			isa = PBXFrameworksBuildPhase;
			buildActionMask = 2147483647;
			files = (
			);
			runOnlyForDeploymentPostprocessing = 0;
		};
/* End PBXFrameworksBuildPhase section */

/* Begin PBXGroup section */
		E3F4662825510C8200C9A168 = {
			isa = PBXGroup;
			children = (
				E3F4666725510C9A00C9A168 /* PhotosViewController.swift */,
				E3F4663325510C8200C9A168 /* Photorama */,
				E3F4664A25510C8400C9A168 /* PhotoramaTests */,
				E3F4665525510C8400C9A168 /* PhotoramaUITests */,
				E3F4663225510C8200C9A168 /* Products */,
			);
			sourceTree = "<group>";
		};
		E3F4663225510C8200C9A168 /* Products */ = {
			isa = PBXGroup;
			children = (
				E3F4663125510C8200C9A168 /* Photorama.app */,
				E3F4664725510C8400C9A168 /* PhotoramaTests.xctest */,
				E3F4665225510C8400C9A168 /* PhotoramaUITests.xctest */,
			);
			name = Products;
			sourceTree = "<group>";
		};
		E3F4663325510C8200C9A168 /* Photorama */ = {
			isa = PBXGroup;
			children = (
				E3F4663425510C8200C9A168 /* AppDelegate.swift */,
				E3F4663625510C8200C9A168 /* SceneDelegate.swift */,
				E3F4663A25510C8200C9A168 /* Main.storyboard */,
				E3F466742551129A00C9A168 /* FlickrAPI.swift */,
				E3F4668125511CAD00C9A168 /* Photo.swift */,
				E3F4667C2551176300C9A168 /* PhotoStore.swift */,
				E3F4663D25510C8300C9A168 /* Assets.xcassets */,
				E3F4663F25510C8300C9A168 /* LaunchScreen.storyboard */,
				E3F4664225510C8300C9A168 /* Info.plist */,
			);
			path = Photorama;
			sourceTree = "<group>";
		};
		E3F4664A25510C8400C9A168 /* PhotoramaTests */ = {
			isa = PBXGroup;
			children = (
				E3F4664B25510C8400C9A168 /* PhotoramaTests.swift */,
				E3F4664D25510C8400C9A168 /* Info.plist */,
			);
			path = PhotoramaTests;
			sourceTree = "<group>";
		};
		E3F4665525510C8400C9A168 /* PhotoramaUITests */ = {
			isa = PBXGroup;
			children = (
				E3F4665625510C8400C9A168 /* PhotoramaUITests.swift */,
				E3F4665825510C8400C9A168 /* Info.plist */,
			);
			path = PhotoramaUITests;
			sourceTree = "<group>";
		};
/* End PBXGroup section */

/* Begin PBXNativeTarget section */
		E3F4663025510C8200C9A168 /* Photorama */ = {
			isa = PBXNativeTarget;
			buildConfigurationList = E3F4665B25510C8400C9A168 /* Build configuration list for PBXNativeTarget "Photorama" */;
			buildPhases = (
				E3F4662D25510C8200C9A168 /* Sources */,
				E3F4662E25510C8200C9A168 /* Frameworks */,
				E3F4662F25510C8200C9A168 /* Resources */,
			);
			buildRules = (
			);
			dependencies = (
			);
			name = Photorama;
			productName = Photorama;
			productReference = E3F4663125510C8200C9A168 /* Photorama.app */;
			productType = "com.apple.product-type.application";
		};
		E3F4664625510C8400C9A168 /* PhotoramaTests */ = {
			isa = PBXNativeTarget;
			buildConfigurationList = E3F4665E25510C8400C9A168 /* Build configuration list for PBXNativeTarget "PhotoramaTests" */;
			buildPhases = (
				E3F4664325510C8400C9A168 /* Sources */,
				E3F4664425510C8400C9A168 /* Frameworks */,
				E3F4664525510C8400C9A168 /* Resources */,
			);
			buildRules = (
			);
			dependencies = (
				E3F4664925510C8400C9A168 /* PBXTargetDependency */,
			);
			name = PhotoramaTests;
			productName = PhotoramaTests;
			productReference = E3F4664725510C8400C9A168 /* PhotoramaTests.xctest */;
			productType = "com.apple.product-type.bundle.unit-test";
		};
		E3F4665125510C8400C9A168 /* PhotoramaUITests */ = {
			isa = PBXNativeTarget;
			buildConfigurationList = E3F4666125510C8400C9A168 /* Build configuration list for PBXNativeTarget "PhotoramaUITests" */;
			buildPhases = (
				E3F4664E25510C8400C9A168 /* Sources */,
				E3F4664F25510C8400C9A168 /* Frameworks */,
				E3F4665025510C8400C9A168 /* Resources */,
			);
			buildRules = (
			);
			dependencies = (
				E3F4665425510C8400C9A168 /* PBXTargetDependency */,
			);
			name = PhotoramaUITests;
			productName = PhotoramaUITests;
			productReference = E3F4665225510C8400C9A168 /* PhotoramaUITests.xctest */;
			productType = "com.apple.product-type.bundle.ui-testing";
		};
/* End PBXNativeTarget section */

/* Begin PBXProject section */
		E3F4662925510C8200C9A168 /* Project object */ = {
			isa = PBXProject;
			attributes = {
				LastSwiftUpdateCheck = 1210;
				LastUpgradeCheck = 1210;
				TargetAttributes = {
					E3F4663025510C8200C9A168 = {
						CreatedOnToolsVersion = 12.1;
					};
					E3F4664625510C8400C9A168 = {
						CreatedOnToolsVersion = 12.1;
						TestTargetID = E3F4663025510C8200C9A168;
					};
					E3F4665125510C8400C9A168 = {
						CreatedOnToolsVersion = 12.1;
						TestTargetID = E3F4663025510C8200C9A168;
					};
				};
			};
			buildConfigurationList = E3F4662C25510C8200C9A168 /* Build configuration list for PBXProject "Photorama" */;
			compatibilityVersion = "Xcode 9.3";
			developmentRegion = en;
			hasScannedForEncodings = 0;
			knownRegions = (
				en,
				Base,
			);
			mainGroup = E3F4662825510C8200C9A168;
			productRefGroup = E3F4663225510C8200C9A168 /* Products */;
			projectDirPath = "";
			projectRoot = "";
			targets = (
				E3F4663025510C8200C9A168 /* Photorama */,
				E3F4664625510C8400C9A168 /* PhotoramaTests */,
				E3F4665125510C8400C9A168 /* PhotoramaUITests */,
			);
		};
/* End PBXProject section */

/* Begin PBXResourcesBuildPhase section */
		E3F4662F25510C8200C9A168 /* Resources */ = {
			isa = PBXResourcesBuildPhase;
			buildActionMask = 2147483647;
			files = (
				E3F4664125510C8300C9A168 /* LaunchScreen.storyboard in Resources */,
				E3F4663E25510C8300C9A168 /* Assets.xcassets in Resources */,
				E3F4663C25510C8200C9A168 /* Main.storyboard in Resources */,
			);
			runOnlyForDeploymentPostprocessing = 0;
		};
		E3F4664525510C8400C9A168 /* Resources */ = {
			isa = PBXResourcesBuildPhase;
			buildActionMask = 2147483647;
			files = (
			);
			runOnlyForDeploymentPostprocessing = 0;
		};
		E3F4665025510C8400C9A168 /* Resources */ = {
			isa = PBXResourcesBuildPhase;
			buildActionMask = 2147483647;
			files = (
			);
			runOnlyForDeploymentPostprocessing = 0;
		};
/* End PBXResourcesBuildPhase section */

/* Begin PBXSourcesBuildPhase section */
		E3F4662D25510C8200C9A168 /* Sources */ = {
			isa = PBXSourcesBuildPhase;
			buildActionMask = 2147483647;
			files = (
				E3F4668225511CAD00C9A168 /* Photo.swift in Sources */,
				E3F4667D2551176300C9A168 /* PhotoStore.swift in Sources */,
				E3F4666825510C9A00C9A168 /* PhotosViewController.swift in Sources */,
				E3F4663525510C8200C9A168 /* AppDelegate.swift in Sources */,
				E3F4663725510C8200C9A168 /* SceneDelegate.swift in Sources */,
				E3F466752551129A00C9A168 /* FlickrAPI.swift in Sources */,
			);
			runOnlyForDeploymentPostprocessing = 0;
		};
		E3F4664325510C8400C9A168 /* Sources */ = {
			isa = PBXSourcesBuildPhase;
			buildActionMask = 2147483647;
			files = (
				E3F4664C25510C8400C9A168 /* PhotoramaTests.swift in Sources */,
			);
			runOnlyForDeploymentPostprocessing = 0;
		};
		E3F4664E25510C8400C9A168 /* Sources */ = {
			isa = PBXSourcesBuildPhase;
			buildActionMask = 2147483647;
			files = (
				E3F4665725510C8400C9A168 /* PhotoramaUITests.swift in Sources */,
			);
			runOnlyForDeploymentPostprocessing = 0;
		};
/* End PBXSourcesBuildPhase section */

/* Begin PBXTargetDependency section */
		E3F4664925510C8400C9A168 /* PBXTargetDependency */ = {
			isa = PBXTargetDependency;
			target = E3F4663025510C8200C9A168 /* Photorama */;
			targetProxy = E3F4664825510C8400C9A168 /* PBXContainerItemProxy */;
		};
		E3F4665425510C8400C9A168 /* PBXTargetDependency */ = {
			isa = PBXTargetDependency;
			target = E3F4663025510C8200C9A168 /* Photorama */;
			targetProxy = E3F4665325510C8400C9A168 /* PBXContainerItemProxy */;
		};
/* End PBXTargetDependency section */

/* Begin PBXVariantGroup section */
		E3F4663A25510C8200C9A168 /* Main.storyboard */ = {
			isa = PBXVariantGroup;
			children = (
				E3F4663B25510C8200C9A168 /* Base */,
			);
			name = Main.storyboard;
			sourceTree = "<group>";
		};
		E3F4663F25510C8300C9A168 /* LaunchScreen.storyboard */ = {
			isa = PBXVariantGroup;
			children = (
				E3F4664025510C8300C9A168 /* Base */,
			);
			name = LaunchScreen.storyboard;
			sourceTree = "<group>";
		};
/* End PBXVariantGroup section */

/* Begin XCBuildConfiguration section */
		E3F4665925510C8400C9A168 /* Debug */ = {
			isa = XCBuildConfiguration;
			buildSettings = {
				ALWAYS_SEARCH_USER_PATHS = NO;
				CLANG_ANALYZER_NONNULL = YES;
				CLANG_ANALYZER_NUMBER_OBJECT_CONVERSION = YES_AGGRESSIVE;
				CLANG_CXX_LANGUAGE_STANDARD = "gnu++14";
				CLANG_CXX_LIBRARY = "libc++";
				CLANG_ENABLE_MODULES = YES;
				CLANG_ENABLE_OBJC_ARC = YES;
				CLANG_ENABLE_OBJC_WEAK = YES;
				CLANG_WARN_BLOCK_CAPTURE_AUTORELEASING = YES;
				CLANG_WARN_BOOL_CONVERSION = YES;
				CLANG_WARN_COMMA = YES;
				CLANG_WARN_CONSTANT_CONVERSION = YES;
				CLANG_WARN_DEPRECATED_OBJC_IMPLEMENTATIONS = YES;
				CLANG_WARN_DIRECT_OBJC_ISA_USAGE = YES_ERROR;
				CLANG_WARN_DOCUMENTATION_COMMENTS = YES;
				CLANG_WARN_EMPTY_BODY = YES;
				CLANG_WARN_ENUM_CONVERSION = YES;
				CLANG_WARN_INFINITE_RECURSION = YES;
				CLANG_WARN_INT_CONVERSION = YES;
				CLANG_WARN_NON_LITERAL_NULL_CONVERSION = YES;
				CLANG_WARN_OBJC_IMPLICIT_RETAIN_SELF = YES;
				CLANG_WARN_OBJC_LITERAL_CONVERSION = YES;
				CLANG_WARN_OBJC_ROOT_CLASS = YES_ERROR;
				CLANG_WARN_QUOTED_INCLUDE_IN_FRAMEWORK_HEADER = YES;
				CLANG_WARN_RANGE_LOOP_ANALYSIS = YES;
				CLANG_WARN_STRICT_PROTOTYPES = YES;
				CLANG_WARN_SUSPICIOUS_MOVE = YES;
				CLANG_WARN_UNGUARDED_AVAILABILITY = YES_AGGRESSIVE;
				CLANG_WARN_UNREACHABLE_CODE = YES;
				CLANG_WARN__DUPLICATE_METHOD_MATCH = YES;
				COPY_PHASE_STRIP = NO;
				DEBUG_INFORMATION_FORMAT = dwarf;
				ENABLE_STRICT_OBJC_MSGSEND = YES;
				ENABLE_TESTABILITY = YES;
				GCC_C_LANGUAGE_STANDARD = gnu11;
				GCC_DYNAMIC_NO_PIC = NO;
				GCC_NO_COMMON_BLOCKS = YES;
				GCC_OPTIMIZATION_LEVEL = 0;
				GCC_PREPROCESSOR_DEFINITIONS = (
					"DEBUG=1",
					"$(inherited)",
				);
				GCC_WARN_64_TO_32_BIT_CONVERSION = YES;
				GCC_WARN_ABOUT_RETURN_TYPE = YES_ERROR;
				GCC_WARN_UNDECLARED_SELECTOR = YES;
				GCC_WARN_UNINITIALIZED_AUTOS = YES_AGGRESSIVE;
				GCC_WARN_UNUSED_FUNCTION = YES;
				GCC_WARN_UNUSED_VARIABLE = YES;
				IPHONEOS_DEPLOYMENT_TARGET = 14.1;
				MTL_ENABLE_DEBUG_INFO = INCLUDE_SOURCE;
				MTL_FAST_MATH = YES;
				ONLY_ACTIVE_ARCH = YES;
				SDKROOT = iphoneos;
				SWIFT_ACTIVE_COMPILATION_CONDITIONS = DEBUG;
				SWIFT_OPTIMIZATION_LEVEL = "-Onone";
			};
			name = Debug;
		};
		E3F4665A25510C8400C9A168 /* Release */ = {
			isa = XCBuildConfiguration;
			buildSettings = {
				ALWAYS_SEARCH_USER_PATHS = NO;
				CLANG_ANALYZER_NONNULL = YES;
				CLANG_ANALYZER_NUMBER_OBJECT_CONVERSION = YES_AGGRESSIVE;
				CLANG_CXX_LANGUAGE_STANDARD = "gnu++14";
				CLANG_CXX_LIBRARY = "libc++";
				CLANG_ENABLE_MODULES = YES;
				CLANG_ENABLE_OBJC_ARC = YES;
				CLANG_ENABLE_OBJC_WEAK = YES;
				CLANG_WARN_BLOCK_CAPTURE_AUTORELEASING = YES;
				CLANG_WARN_BOOL_CONVERSION = YES;
				CLANG_WARN_COMMA = YES;
				CLANG_WARN_CONSTANT_CONVERSION = YES;
				CLANG_WARN_DEPRECATED_OBJC_IMPLEMENTATIONS = YES;
				CLANG_WARN_DIRECT_OBJC_ISA_USAGE = YES_ERROR;
				CLANG_WARN_DOCUMENTATION_COMMENTS = YES;
				CLANG_WARN_EMPTY_BODY = YES;
				CLANG_WARN_ENUM_CONVERSION = YES;
				CLANG_WARN_INFINITE_RECURSION = YES;
				CLANG_WARN_INT_CONVERSION = YES;
				CLANG_WARN_NON_LITERAL_NULL_CONVERSION = YES;
				CLANG_WARN_OBJC_IMPLICIT_RETAIN_SELF = YES;
				CLANG_WARN_OBJC_LITERAL_CONVERSION = YES;
				CLANG_WARN_OBJC_ROOT_CLASS = YES_ERROR;
				CLANG_WARN_QUOTED_INCLUDE_IN_FRAMEWORK_HEADER = YES;
				CLANG_WARN_RANGE_LOOP_ANALYSIS = YES;
				CLANG_WARN_STRICT_PROTOTYPES = YES;
				CLANG_WARN_SUSPICIOUS_MOVE = YES;
				CLANG_WARN_UNGUARDED_AVAILABILITY = YES_AGGRESSIVE;
				CLANG_WARN_UNREACHABLE_CODE = YES;
				CLANG_WARN__DUPLICATE_METHOD_MATCH = YES;
				COPY_PHASE_STRIP = NO;
				DEBUG_INFORMATION_FORMAT = "dwarf-with-dsym";
				ENABLE_NS_ASSERTIONS = NO;
				ENABLE_STRICT_OBJC_MSGSEND = YES;
				GCC_C_LANGUAGE_STANDARD = gnu11;
				GCC_NO_COMMON_BLOCKS = YES;
				GCC_WARN_64_TO_32_BIT_CONVERSION = YES;
				GCC_WARN_ABOUT_RETURN_TYPE = YES_ERROR;
				GCC_WARN_UNDECLARED_SELECTOR = YES;
				GCC_WARN_UNINITIALIZED_AUTOS = YES_AGGRESSIVE;
				GCC_WARN_UNUSED_FUNCTION = YES;
				GCC_WARN_UNUSED_VARIABLE = YES;
				IPHONEOS_DEPLOYMENT_TARGET = 14.1;
				MTL_ENABLE_DEBUG_INFO = NO;
				MTL_FAST_MATH = YES;
				SDKROOT = iphoneos;
				SWIFT_COMPILATION_MODE = wholemodule;
				SWIFT_OPTIMIZATION_LEVEL = "-O";
				VALIDATE_PRODUCT = YES;
			};
			name = Release;
		};
		E3F4665C25510C8400C9A168 /* Debug */ = {
			isa = XCBuildConfiguration;
			buildSettings = {
				ASSETCATALOG_COMPILER_APPICON_NAME = AppIcon;
				ASSETCATALOG_COMPILER_GLOBAL_ACCENT_COLOR_NAME = AccentColor;
				CODE_SIGN_STYLE = Automatic;
				INFOPLIST_FILE = Photorama/Info.plist;
				LD_RUNPATH_SEARCH_PATHS = (
					"$(inherited)",
					"@executable_path/Frameworks",
				);
				PRODUCT_BUNDLE_IDENTIFIER = NickHella.Photorama;
				PRODUCT_NAME = "$(TARGET_NAME)";
				SWIFT_VERSION = 5.0;
				TARGETED_DEVICE_FAMILY = "1,2";
			};
			name = Debug;
		};
		E3F4665D25510C8400C9A168 /* Release */ = {
			isa = XCBuildConfiguration;
			buildSettings = {
				ASSETCATALOG_COMPILER_APPICON_NAME = AppIcon;
				ASSETCATALOG_COMPILER_GLOBAL_ACCENT_COLOR_NAME = AccentColor;
				CODE_SIGN_STYLE = Automatic;
				INFOPLIST_FILE = Photorama/Info.plist;
				LD_RUNPATH_SEARCH_PATHS = (
					"$(inherited)",
					"@executable_path/Frameworks",
				);
				PRODUCT_BUNDLE_IDENTIFIER = NickHella.Photorama;
				PRODUCT_NAME = "$(TARGET_NAME)";
				SWIFT_VERSION = 5.0;
				TARGETED_DEVICE_FAMILY = "1,2";
			};
			name = Release;
		};
		E3F4665F25510C8400C9A168 /* Debug */ = {
			isa = XCBuildConfiguration;
			buildSettings = {
				ALWAYS_EMBED_SWIFT_STANDARD_LIBRARIES = YES;
				BUNDLE_LOADER = "$(TEST_HOST)";
				CODE_SIGN_STYLE = Automatic;
				INFOPLIST_FILE = PhotoramaTests/Info.plist;
				IPHONEOS_DEPLOYMENT_TARGET = 14.1;
				LD_RUNPATH_SEARCH_PATHS = (
					"$(inherited)",
					"@executable_path/Frameworks",
					"@loader_path/Frameworks",
				);
				PRODUCT_BUNDLE_IDENTIFIER = NickHella.PhotoramaTests;
				PRODUCT_NAME = "$(TARGET_NAME)";
				SWIFT_VERSION = 5.0;
				TARGETED_DEVICE_FAMILY = "1,2";
				TEST_HOST = "$(BUILT_PRODUCTS_DIR)/Photorama.app/Photorama";
			};
			name = Debug;
		};
		E3F4666025510C8400C9A168 /* Release */ = {
			isa = XCBuildConfiguration;
			buildSettings = {
				ALWAYS_EMBED_SWIFT_STANDARD_LIBRARIES = YES;
				BUNDLE_LOADER = "$(TEST_HOST)";
				CODE_SIGN_STYLE = Automatic;
				INFOPLIST_FILE = PhotoramaTests/Info.plist;
				IPHONEOS_DEPLOYMENT_TARGET = 14.1;
				LD_RUNPATH_SEARCH_PATHS = (
					"$(inherited)",
					"@executable_path/Frameworks",
					"@loader_path/Frameworks",
				);
				PRODUCT_BUNDLE_IDENTIFIER = NickHella.PhotoramaTests;
				PRODUCT_NAME = "$(TARGET_NAME)";
				SWIFT_VERSION = 5.0;
				TARGETED_DEVICE_FAMILY = "1,2";
				TEST_HOST = "$(BUILT_PRODUCTS_DIR)/Photorama.app/Photorama";
			};
			name = Release;
		};
		E3F4666225510C8400C9A168 /* Debug */ = {
			isa = XCBuildConfiguration;
			buildSettings = {
				ALWAYS_EMBED_SWIFT_STANDARD_LIBRARIES = YES;
				CODE_SIGN_STYLE = Automatic;
				INFOPLIST_FILE = PhotoramaUITests/Info.plist;
				LD_RUNPATH_SEARCH_PATHS = (
					"$(inherited)",
					"@executable_path/Frameworks",
					"@loader_path/Frameworks",
				);
				PRODUCT_BUNDLE_IDENTIFIER = NickHella.PhotoramaUITests;
				PRODUCT_NAME = "$(TARGET_NAME)";
				SWIFT_VERSION = 5.0;
				TARGETED_DEVICE_FAMILY = "1,2";
				TEST_TARGET_NAME = Photorama;
			};
			name = Debug;
		};
		E3F4666325510C8400C9A168 /* Release */ = {
			isa = XCBuildConfiguration;
			buildSettings = {
				ALWAYS_EMBED_SWIFT_STANDARD_LIBRARIES = YES;
				CODE_SIGN_STYLE = Automatic;
				INFOPLIST_FILE = PhotoramaUITests/Info.plist;
				LD_RUNPATH_SEARCH_PATHS = (
					"$(inherited)",
					"@executable_path/Frameworks",
					"@loader_path/Frameworks",
				);
				PRODUCT_BUNDLE_IDENTIFIER = NickHella.PhotoramaUITests;
				PRODUCT_NAME = "$(TARGET_NAME)";
				SWIFT_VERSION = 5.0;
				TARGETED_DEVICE_FAMILY = "1,2";
				TEST_TARGET_NAME = Photorama;
			};
			name = Release;
		};
/* End XCBuildConfiguration section */

/* Begin XCConfigurationList section */
		E3F4662C25510C8200C9A168 /* Build configuration list for PBXProject "Photorama" */ = {
			isa = XCConfigurationList;
			buildConfigurations = (
				E3F4665925510C8400C9A168 /* Debug */,
				E3F4665A25510C8400C9A168 /* Release */,
			);
			defaultConfigurationIsVisible = 0;
			defaultConfigurationName = Release;
		};
		E3F4665B25510C8400C9A168 /* Build configuration list for PBXNativeTarget "Photorama" */ = {
			isa = XCConfigurationList;
			buildConfigurations = (
				E3F4665C25510C8400C9A168 /* Debug */,
				E3F4665D25510C8400C9A168 /* Release */,
			);
			defaultConfigurationIsVisible = 0;
			defaultConfigurationName = Release;
		};
		E3F4665E25510C8400C9A168 /* Build configuration list for PBXNativeTarget "PhotoramaTests" */ = {
			isa = XCConfigurationList;
			buildConfigurations = (
				E3F4665F25510C8400C9A168 /* Debug */,
				E3F4666025510C8400C9A168 /* Release */,
			);
			defaultConfigurationIsVisible = 0;
			defaultConfigurationName = Release;
		};
		E3F4666125510C8400C9A168 /* Build configuration list for PBXNativeTarget "PhotoramaUITests" */ = {
			isa = XCConfigurationList;
			buildConfigurations = (
				E3F4666225510C8400C9A168 /* Debug */,
				E3F4666325510C8400C9A168 /* Release */,
			);
			defaultConfigurationIsVisible = 0;
			defaultConfigurationName = Release;
		};
/* End XCConfigurationList section */
	};
	rootObject = E3F4662925510C8200C9A168 /* Project object */;
}
