// !$*UTF8*$!
{
	archiveVersion = 1;
	classes = {
	};
	objectVersion = 50;
	objects = {

/* Begin PBXBuildFile section */
		E3A890F7254DC5A6008469ED /* AppDelegate.swift in Sources */ = {isa = PBXBuildFile; fileRef = E3A890F6254DC5A6008469ED /* AppDelegate.swift */; };
		E3A890F9254DC5A6008469ED /* SceneDelegate.swift in Sources */ = {isa = PBXBuildFile; fileRef = E3A890F8254DC5A6008469ED /* SceneDelegate.swift */; };
		E3A890FB254DC5A6008469ED /* ViewController.swift in Sources */ = {isa = PBXBuildFile; fileRef = E3A890FA254DC5A6008469ED /* ViewController.swift */; };
		E3A890FE254DC5A6008469ED /* Main.storyboard in Resources */ = {isa = PBXBuildFile; fileRef = E3A890FC254DC5A6008469ED /* Main.storyboard */; };
		E3A89100254DC5A7008469ED /* Assets.xcassets in Resources */ = {isa = PBXBuildFile; fileRef = E3A890FF254DC5A7008469ED /* Assets.xcassets */; };
		E3A89103254DC5A7008469ED /* LaunchScreen.storyboard in Resources */ = {isa = PBXBuildFile; fileRef = E3A89101254DC5A7008469ED /* LaunchScreen.storyboard */; };
		E3A8910E254DC5A7008469ED /* TouchTrackerTests.swift in Sources */ = {isa = PBXBuildFile; fileRef = E3A8910D254DC5A7008469ED /* TouchTrackerTests.swift */; };
		E3A89119254DC5A7008469ED /* TouchTrackerUITests.swift in Sources */ = {isa = PBXBuildFile; fileRef = E3A89118254DC5A7008469ED /* TouchTrackerUITests.swift */; };
		E3A8912A254DC619008469ED /* Line.swift in Sources */ = {isa = PBXBuildFile; fileRef = E3A89129254DC619008469ED /* Line.swift */; };
		E3A8912F254DC6D7008469ED /* DrawView.swift in Sources */ = {isa = PBXBuildFile; fileRef = E3A8912E254DC6D7008469ED /* DrawView.swift */; };
/* End PBXBuildFile section */

/* Begin PBXContainerItemProxy section */
		E3A8910A254DC5A7008469ED /* PBXContainerItemProxy */ = {
			isa = PBXContainerItemProxy;
			containerPortal = E3A890EB254DC5A6008469ED /* Project object */;
			proxyType = 1;
			remoteGlobalIDString = E3A890F2254DC5A6008469ED;
			remoteInfo = TouchTracker;
		};
		E3A89115254DC5A7008469ED /* PBXContainerItemProxy */ = {
			isa = PBXContainerItemProxy;
			containerPortal = E3A890EB254DC5A6008469ED /* Project object */;
			proxyType = 1;
			remoteGlobalIDString = E3A890F2254DC5A6008469ED;
			remoteInfo = TouchTracker;
		};
/* End PBXContainerItemProxy section */

/* Begin PBXFileReference section */
		E3A890F3254DC5A6008469ED /* TouchTracker.app */ = {isa = PBXFileReference; explicitFileType = wrapper.application; includeInIndex = 0; path = TouchTracker.app; sourceTree = BUILT_PRODUCTS_DIR; };
		E3A890F6254DC5A6008469ED /* AppDelegate.swift */ = {isa = PBXFileReference; lastKnownFileType = sourcecode.swift; path = AppDelegate.swift; sourceTree = "<group>"; };
		E3A890F8254DC5A6008469ED /* SceneDelegate.swift */ = {isa = PBXFileReference; lastKnownFileType = sourcecode.swift; path = SceneDelegate.swift; sourceTree = "<group>"; };
		E3A890FA254DC5A6008469ED /* ViewController.swift */ = {isa = PBXFileReference; lastKnownFileType = sourcecode.swift; path = ViewController.swift; sourceTree = "<group>"; };
		E3A890FD254DC5A6008469ED /* Base */ = {isa = PBXFileReference; lastKnownFileType = file.storyboard; name = Base; path = Base.lproj/Main.storyboard; sourceTree = "<group>"; };
		E3A890FF254DC5A7008469ED /* Assets.xcassets */ = {isa = PBXFileReference; lastKnownFileType = folder.assetcatalog; path = Assets.xcassets; sourceTree = "<group>"; };
		E3A89102254DC5A7008469ED /* Base */ = {isa = PBXFileReference; lastKnownFileType = file.storyboard; name = Base; path = Base.lproj/LaunchScreen.storyboard; sourceTree = "<group>"; };
		E3A89104254DC5A7008469ED /* Info.plist */ = {isa = PBXFileReference; lastKnownFileType = text.plist.xml; path = Info.plist; sourceTree = "<group>"; };
		E3A89109254DC5A7008469ED /* TouchTrackerTests.xctest */ = {isa = PBXFileReference; explicitFileType = wrapper.cfbundle; includeInIndex = 0; path = TouchTrackerTests.xctest; sourceTree = BUILT_PRODUCTS_DIR; };
		E3A8910D254DC5A7008469ED /* TouchTrackerTests.swift */ = {isa = PBXFileReference; lastKnownFileType = sourcecode.swift; path = TouchTrackerTests.swift; sourceTree = "<group>"; };
		E3A8910F254DC5A7008469ED /* Info.plist */ = {isa = PBXFileReference; lastKnownFileType = text.plist.xml; path = Info.plist; sourceTree = "<group>"; };
		E3A89114254DC5A7008469ED /* TouchTrackerUITests.xctest */ = {isa = PBXFileReference; explicitFileType = wrapper.cfbundle; includeInIndex = 0; path = TouchTrackerUITests.xctest; sourceTree = BUILT_PRODUCTS_DIR; };
		E3A89118254DC5A7008469ED /* TouchTrackerUITests.swift */ = {isa = PBXFileReference; lastKnownFileType = sourcecode.swift; path = TouchTrackerUITests.swift; sourceTree = "<group>"; };
		E3A8911A254DC5A7008469ED /* Info.plist */ = {isa = PBXFileReference; lastKnownFileType = text.plist.xml; path = Info.plist; sourceTree = "<group>"; };
		E3A89129254DC619008469ED /* Line.swift */ = {isa = PBXFileReference; lastKnownFileType = sourcecode.swift; path = Line.swift; sourceTree = "<group>"; };
		E3A8912E254DC6D7008469ED /* DrawView.swift */ = {isa = PBXFileReference; lastKnownFileType = sourcecode.swift; path = DrawView.swift; sourceTree = "<group>"; };
/* End PBXFileReference section */

/* Begin PBXFrameworksBuildPhase section */
		E3A890F0254DC5A6008469ED /* Frameworks */ = {
			isa = PBXFrameworksBuildPhase;
			buildActionMask = 2147483647;
			files = (
			);
			runOnlyForDeploymentPostprocessing = 0;
		};
		E3A89106254DC5A7008469ED /* Frameworks */ = {
			isa = PBXFrameworksBuildPhase;
			buildActionMask = 2147483647;
			files = (
			);
			runOnlyForDeploymentPostprocessing = 0;
		};
		E3A89111254DC5A7008469ED /* Frameworks */ = {
			isa = PBXFrameworksBuildPhase;
			buildActionMask = 2147483647;
			files = (
			);
			runOnlyForDeploymentPostprocessing = 0;
		};
/* End PBXFrameworksBuildPhase section */

/* Begin PBXGroup section */
		E3A890EA254DC5A6008469ED = {
			isa = PBXGroup;
			children = (
				E3A89129254DC619008469ED /* Line.swift */,
				E3A8912E254DC6D7008469ED /* DrawView.swift */,
				E3A890F5254DC5A6008469ED /* TouchTracker */,
				E3A8910C254DC5A7008469ED /* TouchTrackerTests */,
				E3A89117254DC5A7008469ED /* TouchTrackerUITests */,
				E3A890F4254DC5A6008469ED /* Products */,
			);
			sourceTree = "<group>";
		};
		E3A890F4254DC5A6008469ED /* Products */ = {
			isa = PBXGroup;
			children = (
				E3A890F3254DC5A6008469ED /* TouchTracker.app */,
				E3A89109254DC5A7008469ED /* TouchTrackerTests.xctest */,
				E3A89114254DC5A7008469ED /* TouchTrackerUITests.xctest */,
			);
			name = Products;
			sourceTree = "<group>";
		};
		E3A890F5254DC5A6008469ED /* TouchTracker */ = {
			isa = PBXGroup;
			children = (
				E3A890F6254DC5A6008469ED /* AppDelegate.swift */,
				E3A890F8254DC5A6008469ED /* SceneDelegate.swift */,
				E3A890FA254DC5A6008469ED /* ViewController.swift */,
				E3A890FC254DC5A6008469ED /* Main.storyboard */,
				E3A890FF254DC5A7008469ED /* Assets.xcassets */,
				E3A89101254DC5A7008469ED /* LaunchScreen.storyboard */,
				E3A89104254DC5A7008469ED /* Info.plist */,
			);
			path = TouchTracker;
			sourceTree = "<group>";
		};
		E3A8910C254DC5A7008469ED /* TouchTrackerTests */ = {
			isa = PBXGroup;
			children = (
				E3A8910D254DC5A7008469ED /* TouchTrackerTests.swift */,
				E3A8910F254DC5A7008469ED /* Info.plist */,
			);
			path = TouchTrackerTests;
			sourceTree = "<group>";
		};
		E3A89117254DC5A7008469ED /* TouchTrackerUITests */ = {
			isa = PBXGroup;
			children = (
				E3A89118254DC5A7008469ED /* TouchTrackerUITests.swift */,
				E3A8911A254DC5A7008469ED /* Info.plist */,
			);
			path = TouchTrackerUITests;
			sourceTree = "<group>";
		};
/* End PBXGroup section */

/* Begin PBXNativeTarget section */
		E3A890F2254DC5A6008469ED /* TouchTracker */ = {
			isa = PBXNativeTarget;
			buildConfigurationList = E3A8911D254DC5A7008469ED /* Build configuration list for PBXNativeTarget "TouchTracker" */;
			buildPhases = (
				E3A890EF254DC5A6008469ED /* Sources */,
				E3A890F0254DC5A6008469ED /* Frameworks */,
				E3A890F1254DC5A6008469ED /* Resources */,
			);
			buildRules = (
			);
			dependencies = (
			);
			name = TouchTracker;
			productName = TouchTracker;
			productReference = E3A890F3254DC5A6008469ED /* TouchTracker.app */;
			productType = "com.apple.product-type.application";
		};
		E3A89108254DC5A7008469ED /* TouchTrackerTests */ = {
			isa = PBXNativeTarget;
			buildConfigurationList = E3A89120254DC5A7008469ED /* Build configuration list for PBXNativeTarget "TouchTrackerTests" */;
			buildPhases = (
				E3A89105254DC5A7008469ED /* Sources */,
				E3A89106254DC5A7008469ED /* Frameworks */,
				E3A89107254DC5A7008469ED /* Resources */,
			);
			buildRules = (
			);
			dependencies = (
				E3A8910B254DC5A7008469ED /* PBXTargetDependency */,
			);
			name = TouchTrackerTests;
			productName = TouchTrackerTests;
			productReference = E3A89109254DC5A7008469ED /* TouchTrackerTests.xctest */;
			productType = "com.apple.product-type.bundle.unit-test";
		};
		E3A89113254DC5A7008469ED /* TouchTrackerUITests */ = {
			isa = PBXNativeTarget;
			buildConfigurationList = E3A89123254DC5A7008469ED /* Build configuration list for PBXNativeTarget "TouchTrackerUITests" */;
			buildPhases = (
				E3A89110254DC5A7008469ED /* Sources */,
				E3A89111254DC5A7008469ED /* Frameworks */,
				E3A89112254DC5A7008469ED /* Resources */,
			);
			buildRules = (
			);
			dependencies = (
				E3A89116254DC5A7008469ED /* PBXTargetDependency */,
			);
			name = TouchTrackerUITests;
			productName = TouchTrackerUITests;
			productReference = E3A89114254DC5A7008469ED /* TouchTrackerUITests.xctest */;
			productType = "com.apple.product-type.bundle.ui-testing";
		};
/* End PBXNativeTarget section */

/* Begin PBXProject section */
		E3A890EB254DC5A6008469ED /* Project object */ = {
			isa = PBXProject;
			attributes = {
				LastSwiftUpdateCheck = 1210;
				LastUpgradeCheck = 1210;
				TargetAttributes = {
					E3A890F2254DC5A6008469ED = {
						CreatedOnToolsVersion = 12.1;
					};
					E3A89108254DC5A7008469ED = {
						CreatedOnToolsVersion = 12.1;
						TestTargetID = E3A890F2254DC5A6008469ED;
					};
					E3A89113254DC5A7008469ED = {
						CreatedOnToolsVersion = 12.1;
						TestTargetID = E3A890F2254DC5A6008469ED;
					};
				};
			};
			buildConfigurationList = E3A890EE254DC5A6008469ED /* Build configuration list for PBXProject "TouchTracker" */;
			compatibilityVersion = "Xcode 9.3";
			developmentRegion = en;
			hasScannedForEncodings = 0;
			knownRegions = (
				en,
				Base,
			);
			mainGroup = E3A890EA254DC5A6008469ED;
			productRefGroup = E3A890F4254DC5A6008469ED /* Products */;
			projectDirPath = "";
			projectRoot = "";
			targets = (
				E3A890F2254DC5A6008469ED /* TouchTracker */,
				E3A89108254DC5A7008469ED /* TouchTrackerTests */,
				E3A89113254DC5A7008469ED /* TouchTrackerUITests */,
			);
		};
/* End PBXProject section */

/* Begin PBXResourcesBuildPhase section */
		E3A890F1254DC5A6008469ED /* Resources */ = {
			isa = PBXResourcesBuildPhase;
			buildActionMask = 2147483647;
			files = (
				E3A89103254DC5A7008469ED /* LaunchScreen.storyboard in Resources */,
				E3A89100254DC5A7008469ED /* Assets.xcassets in Resources */,
				E3A890FE254DC5A6008469ED /* Main.storyboard in Resources */,
			);
			runOnlyForDeploymentPostprocessing = 0;
		};
		E3A89107254DC5A7008469ED /* Resources */ = {
			isa = PBXResourcesBuildPhase;
			buildActionMask = 2147483647;
			files = (
			);
			runOnlyForDeploymentPostprocessing = 0;
		};
		E3A89112254DC5A7008469ED /* Resources */ = {
			isa = PBXResourcesBuildPhase;
			buildActionMask = 2147483647;
			files = (
			);
			runOnlyForDeploymentPostprocessing = 0;
		};
/* End PBXResourcesBuildPhase section */

/* Begin PBXSourcesBuildPhase section */
		E3A890EF254DC5A6008469ED /* Sources */ = {
			isa = PBXSourcesBuildPhase;
			buildActionMask = 2147483647;
			files = (
				E3A890FB254DC5A6008469ED /* ViewController.swift in Sources */,
				E3A8912F254DC6D7008469ED /* DrawView.swift in Sources */,
				E3A8912A254DC619008469ED /* Line.swift in Sources */,
				E3A890F7254DC5A6008469ED /* AppDelegate.swift in Sources */,
				E3A890F9254DC5A6008469ED /* SceneDelegate.swift in Sources */,
			);
			runOnlyForDeploymentPostprocessing = 0;
		};
		E3A89105254DC5A7008469ED /* Sources */ = {
			isa = PBXSourcesBuildPhase;
			buildActionMask = 2147483647;
			files = (
				E3A8910E254DC5A7008469ED /* TouchTrackerTests.swift in Sources */,
			);
			runOnlyForDeploymentPostprocessing = 0;
		};
		E3A89110254DC5A7008469ED /* Sources */ = {
			isa = PBXSourcesBuildPhase;
			buildActionMask = 2147483647;
			files = (
				E3A89119254DC5A7008469ED /* TouchTrackerUITests.swift in Sources */,
			);
			runOnlyForDeploymentPostprocessing = 0;
		};
/* End PBXSourcesBuildPhase section */

/* Begin PBXTargetDependency section */
		E3A8910B254DC5A7008469ED /* PBXTargetDependency */ = {
			isa = PBXTargetDependency;
			target = E3A890F2254DC5A6008469ED /* TouchTracker */;
			targetProxy = E3A8910A254DC5A7008469ED /* PBXContainerItemProxy */;
		};
		E3A89116254DC5A7008469ED /* PBXTargetDependency */ = {
			isa = PBXTargetDependency;
			target = E3A890F2254DC5A6008469ED /* TouchTracker */;
			targetProxy = E3A89115254DC5A7008469ED /* PBXContainerItemProxy */;
		};
/* End PBXTargetDependency section */

/* Begin PBXVariantGroup section */
		E3A890FC254DC5A6008469ED /* Main.storyboard */ = {
			isa = PBXVariantGroup;
			children = (
				E3A890FD254DC5A6008469ED /* Base */,
			);
			name = Main.storyboard;
			sourceTree = "<group>";
		};
		E3A89101254DC5A7008469ED /* LaunchScreen.storyboard */ = {
			isa = PBXVariantGroup;
			children = (
				E3A89102254DC5A7008469ED /* Base */,
			);
			name = LaunchScreen.storyboard;
			sourceTree = "<group>";
		};
/* End PBXVariantGroup section */

/* Begin XCBuildConfiguration section */
		E3A8911B254DC5A7008469ED /* Debug */ = {
			isa = XCBuildConfiguration;
			buildSettings = {
				ALWAYS_SEARCH_USER_PATHS = NO;
				CLANG_ANALYZER_NONNULL = YES;
				CLANG_ANALYZER_NUMBER_OBJECT_CONVERSION = YES_AGGRESSIVE;
				CLANG_CXX_LANGUAGE_STANDARD = "gnu++14";
				CLANG_CXX_LIBRARY = "libc++";
				CLANG_ENABLE_MODULES = YES;
				CLANG_ENABLE_OBJC_ARC = YES;
				CLANG_ENABLE_OBJC_WEAK = YES;
				CLANG_WARN_BLOCK_CAPTURE_AUTORELEASING = YES;
				CLANG_WARN_BOOL_CONVERSION = YES;
				CLANG_WARN_COMMA = YES;
				CLANG_WARN_CONSTANT_CONVERSION = YES;
				CLANG_WARN_DEPRECATED_OBJC_IMPLEMENTATIONS = YES;
				CLANG_WARN_DIRECT_OBJC_ISA_USAGE = YES_ERROR;
				CLANG_WARN_DOCUMENTATION_COMMENTS = YES;
				CLANG_WARN_EMPTY_BODY = YES;
				CLANG_WARN_ENUM_CONVERSION = YES;
				CLANG_WARN_INFINITE_RECURSION = YES;
				CLANG_WARN_INT_CONVERSION = YES;
				CLANG_WARN_NON_LITERAL_NULL_CONVERSION = YES;
				CLANG_WARN_OBJC_IMPLICIT_RETAIN_SELF = YES;
				CLANG_WARN_OBJC_LITERAL_CONVERSION = YES;
				CLANG_WARN_OBJC_ROOT_CLASS = YES_ERROR;
				CLANG_WARN_QUOTED_INCLUDE_IN_FRAMEWORK_HEADER = YES;
				CLANG_WARN_RANGE_LOOP_ANALYSIS = YES;
				CLANG_WARN_STRICT_PROTOTYPES = YES;
				CLANG_WARN_SUSPICIOUS_MOVE = YES;
				CLANG_WARN_UNGUARDED_AVAILABILITY = YES_AGGRESSIVE;
				CLANG_WARN_UNREACHABLE_CODE = YES;
				CLANG_WARN__DUPLICATE_METHOD_MATCH = YES;
				COPY_PHASE_STRIP = NO;
				DEBUG_INFORMATION_FORMAT = dwarf;
				ENABLE_STRICT_OBJC_MSGSEND = YES;
				ENABLE_TESTABILITY = YES;
				GCC_C_LANGUAGE_STANDARD = gnu11;
				GCC_DYNAMIC_NO_PIC = NO;
				GCC_NO_COMMON_BLOCKS = YES;
				GCC_OPTIMIZATION_LEVEL = 0;
				GCC_PREPROCESSOR_DEFINITIONS = (
					"DEBUG=1",
					"$(inherited)",
				);
				GCC_WARN_64_TO_32_BIT_CONVERSION = YES;
				GCC_WARN_ABOUT_RETURN_TYPE = YES_ERROR;
				GCC_WARN_UNDECLARED_SELECTOR = YES;
				GCC_WARN_UNINITIALIZED_AUTOS = YES_AGGRESSIVE;
				GCC_WARN_UNUSED_FUNCTION = YES;
				GCC_WARN_UNUSED_VARIABLE = YES;
				IPHONEOS_DEPLOYMENT_TARGET = 14.1;
				MTL_ENABLE_DEBUG_INFO = INCLUDE_SOURCE;
				MTL_FAST_MATH = YES;
				ONLY_ACTIVE_ARCH = YES;
				SDKROOT = iphoneos;
				SWIFT_ACTIVE_COMPILATION_CONDITIONS = DEBUG;
				SWIFT_OPTIMIZATION_LEVEL = "-Onone";
			};
			name = Debug;
		};
		E3A8911C254DC5A7008469ED /* Release */ = {
			isa = XCBuildConfiguration;
			buildSettings = {
				ALWAYS_SEARCH_USER_PATHS = NO;
				CLANG_ANALYZER_NONNULL = YES;
				CLANG_ANALYZER_NUMBER_OBJECT_CONVERSION = YES_AGGRESSIVE;
				CLANG_CXX_LANGUAGE_STANDARD = "gnu++14";
				CLANG_CXX_LIBRARY = "libc++";
				CLANG_ENABLE_MODULES = YES;
				CLANG_ENABLE_OBJC_ARC = YES;
				CLANG_ENABLE_OBJC_WEAK = YES;
				CLANG_WARN_BLOCK_CAPTURE_AUTORELEASING = YES;
				CLANG_WARN_BOOL_CONVERSION = YES;
				CLANG_WARN_COMMA = YES;
				CLANG_WARN_CONSTANT_CONVERSION = YES;
				CLANG_WARN_DEPRECATED_OBJC_IMPLEMENTATIONS = YES;
				CLANG_WARN_DIRECT_OBJC_ISA_USAGE = YES_ERROR;
				CLANG_WARN_DOCUMENTATION_COMMENTS = YES;
				CLANG_WARN_EMPTY_BODY = YES;
				CLANG_WARN_ENUM_CONVERSION = YES;
				CLANG_WARN_INFINITE_RECURSION = YES;
				CLANG_WARN_INT_CONVERSION = YES;
				CLANG_WARN_NON_LITERAL_NULL_CONVERSION = YES;
				CLANG_WARN_OBJC_IMPLICIT_RETAIN_SELF = YES;
				CLANG_WARN_OBJC_LITERAL_CONVERSION = YES;
				CLANG_WARN_OBJC_ROOT_CLASS = YES_ERROR;
				CLANG_WARN_QUOTED_INCLUDE_IN_FRAMEWORK_HEADER = YES;
				CLANG_WARN_RANGE_LOOP_ANALYSIS = YES;
				CLANG_WARN_STRICT_PROTOTYPES = YES;
				CLANG_WARN_SUSPICIOUS_MOVE = YES;
				CLANG_WARN_UNGUARDED_AVAILABILITY = YES_AGGRESSIVE;
				CLANG_WARN_UNREACHABLE_CODE = YES;
				CLANG_WARN__DUPLICATE_METHOD_MATCH = YES;
				COPY_PHASE_STRIP = NO;
				DEBUG_INFORMATION_FORMAT = "dwarf-with-dsym";
				ENABLE_NS_ASSERTIONS = NO;
				ENABLE_STRICT_OBJC_MSGSEND = YES;
				GCC_C_LANGUAGE_STANDARD = gnu11;
				GCC_NO_COMMON_BLOCKS = YES;
				GCC_WARN_64_TO_32_BIT_CONVERSION = YES;
				GCC_WARN_ABOUT_RETURN_TYPE = YES_ERROR;
				GCC_WARN_UNDECLARED_SELECTOR = YES;
				GCC_WARN_UNINITIALIZED_AUTOS = YES_AGGRESSIVE;
				GCC_WARN_UNUSED_FUNCTION = YES;
				GCC_WARN_UNUSED_VARIABLE = YES;
				IPHONEOS_DEPLOYMENT_TARGET = 14.1;
				MTL_ENABLE_DEBUG_INFO = NO;
				MTL_FAST_MATH = YES;
				SDKROOT = iphoneos;
				SWIFT_COMPILATION_MODE = wholemodule;
				SWIFT_OPTIMIZATION_LEVEL = "-O";
				VALIDATE_PRODUCT = YES;
			};
			name = Release;
		};
		E3A8911E254DC5A7008469ED /* Debug */ = {
			isa = XCBuildConfiguration;
			buildSettings = {
				ASSETCATALOG_COMPILER_APPICON_NAME = AppIcon;
				ASSETCATALOG_COMPILER_GLOBAL_ACCENT_COLOR_NAME = AccentColor;
				CODE_SIGN_STYLE = Automatic;
				INFOPLIST_FILE = TouchTracker/Info.plist;
				LD_RUNPATH_SEARCH_PATHS = (
					"$(inherited)",
					"@executable_path/Frameworks",
				);
				PRODUCT_BUNDLE_IDENTIFIER = NickHella.TouchTracker;
				PRODUCT_NAME = "$(TARGET_NAME)";
				SWIFT_VERSION = 5.0;
				TARGETED_DEVICE_FAMILY = "1,2";
			};
			name = Debug;
		};
		E3A8911F254DC5A7008469ED /* Release */ = {
			isa = XCBuildConfiguration;
			buildSettings = {
				ASSETCATALOG_COMPILER_APPICON_NAME = AppIcon;
				ASSETCATALOG_COMPILER_GLOBAL_ACCENT_COLOR_NAME = AccentColor;
				CODE_SIGN_STYLE = Automatic;
				INFOPLIST_FILE = TouchTracker/Info.plist;
				LD_RUNPATH_SEARCH_PATHS = (
					"$(inherited)",
					"@executable_path/Frameworks",
				);
				PRODUCT_BUNDLE_IDENTIFIER = NickHella.TouchTracker;
				PRODUCT_NAME = "$(TARGET_NAME)";
				SWIFT_VERSION = 5.0;
				TARGETED_DEVICE_FAMILY = "1,2";
			};
			name = Release;
		};
		E3A89121254DC5A7008469ED /* Debug */ = {
			isa = XCBuildConfiguration;
			buildSettings = {
				ALWAYS_EMBED_SWIFT_STANDARD_LIBRARIES = YES;
				BUNDLE_LOADER = "$(TEST_HOST)";
				CODE_SIGN_STYLE = Automatic;
				INFOPLIST_FILE = TouchTrackerTests/Info.plist;
				IPHONEOS_DEPLOYMENT_TARGET = 14.1;
				LD_RUNPATH_SEARCH_PATHS = (
					"$(inherited)",
					"@executable_path/Frameworks",
					"@loader_path/Frameworks",
				);
				PRODUCT_BUNDLE_IDENTIFIER = NickHella.TouchTrackerTests;
				PRODUCT_NAME = "$(TARGET_NAME)";
				SWIFT_VERSION = 5.0;
				TARGETED_DEVICE_FAMILY = "1,2";
				TEST_HOST = "$(BUILT_PRODUCTS_DIR)/TouchTracker.app/TouchTracker";
			};
			name = Debug;
		};
		E3A89122254DC5A7008469ED /* Release */ = {
			isa = XCBuildConfiguration;
			buildSettings = {
				ALWAYS_EMBED_SWIFT_STANDARD_LIBRARIES = YES;
				BUNDLE_LOADER = "$(TEST_HOST)";
				CODE_SIGN_STYLE = Automatic;
				INFOPLIST_FILE = TouchTrackerTests/Info.plist;
				IPHONEOS_DEPLOYMENT_TARGET = 14.1;
				LD_RUNPATH_SEARCH_PATHS = (
					"$(inherited)",
					"@executable_path/Frameworks",
					"@loader_path/Frameworks",
				);
				PRODUCT_BUNDLE_IDENTIFIER = NickHella.TouchTrackerTests;
				PRODUCT_NAME = "$(TARGET_NAME)";
				SWIFT_VERSION = 5.0;
				TARGETED_DEVICE_FAMILY = "1,2";
				TEST_HOST = "$(BUILT_PRODUCTS_DIR)/TouchTracker.app/TouchTracker";
			};
			name = Release;
		};
		E3A89124254DC5A7008469ED /* Debug */ = {
			isa = XCBuildConfiguration;
			buildSettings = {
				ALWAYS_EMBED_SWIFT_STANDARD_LIBRARIES = YES;
				CODE_SIGN_STYLE = Automatic;
				INFOPLIST_FILE = TouchTrackerUITests/Info.plist;
				LD_RUNPATH_SEARCH_PATHS = (
					"$(inherited)",
					"@executable_path/Frameworks",
					"@loader_path/Frameworks",
				);
				PRODUCT_BUNDLE_IDENTIFIER = NickHella.TouchTrackerUITests;
				PRODUCT_NAME = "$(TARGET_NAME)";
				SWIFT_VERSION = 5.0;
				TARGETED_DEVICE_FAMILY = "1,2";
				TEST_TARGET_NAME = TouchTracker;
			};
			name = Debug;
		};
		E3A89125254DC5A7008469ED /* Release */ = {
			isa = XCBuildConfiguration;
			buildSettings = {
				ALWAYS_EMBED_SWIFT_STANDARD_LIBRARIES = YES;
				CODE_SIGN_STYLE = Automatic;
				INFOPLIST_FILE = TouchTrackerUITests/Info.plist;
				LD_RUNPATH_SEARCH_PATHS = (
					"$(inherited)",
					"@executable_path/Frameworks",
					"@loader_path/Frameworks",
				);
				PRODUCT_BUNDLE_IDENTIFIER = NickHella.TouchTrackerUITests;
				PRODUCT_NAME = "$(TARGET_NAME)";
				SWIFT_VERSION = 5.0;
				TARGETED_DEVICE_FAMILY = "1,2";
				TEST_TARGET_NAME = TouchTracker;
			};
			name = Release;
		};
/* End XCBuildConfiguration section */

/* Begin XCConfigurationList section */
		E3A890EE254DC5A6008469ED /* Build configuration list for PBXProject "TouchTracker" */ = {
			isa = XCConfigurationList;
			buildConfigurations = (
				E3A8911B254DC5A7008469ED /* Debug */,
				E3A8911C254DC5A7008469ED /* Release */,
			);
			defaultConfigurationIsVisible = 0;
			defaultConfigurationName = Release;
		};
		E3A8911D254DC5A7008469ED /* Build configuration list for PBXNativeTarget "TouchTracker" */ = {
			isa = XCConfigurationList;
			buildConfigurations = (
				E3A8911E254DC5A7008469ED /* Debug */,
				E3A8911F254DC5A7008469ED /* Release */,
			);
			defaultConfigurationIsVisible = 0;
			defaultConfigurationName = Release;
		};
		E3A89120254DC5A7008469ED /* Build configuration list for PBXNativeTarget "TouchTrackerTests" */ = {
			isa = XCConfigurationList;
			buildConfigurations = (
				E3A89121254DC5A7008469ED /* Debug */,
				E3A89122254DC5A7008469ED /* Release */,
			);
			defaultConfigurationIsVisible = 0;
			defaultConfigurationName = Release;
		};
		E3A89123254DC5A7008469ED /* Build configuration list for PBXNativeTarget "TouchTrackerUITests" */ = {
			isa = XCConfigurationList;
			buildConfigurations = (
				E3A89124254DC5A7008469ED /* Debug */,
				E3A89125254DC5A7008469ED /* Release */,
			);
			defaultConfigurationIsVisible = 0;
			defaultConfigurationName = Release;
		};
/* End XCConfigurationList section */
	};
	rootObject = E3A890EB254DC5A6008469ED /* Project object */;
}
